
Microsoft Visual Studio Solution File, Format Version 12.00
# Visual Studio Version 17
VisualStudioVersion = 17.8.34316.72
MinimumVisualStudioVersion = 10.0.40219.1
Project("{FAE04EC0-301F-11D3-BF4B-00C04F79EFBC}") = "LoginWithGoogAutheries", "LoginWithGoogAutheries\LoginWithGoogAutheries.csproj", "{5F4503B4-C895-4F7D-B02F-F020A7C485A8}"
EndProject
Global
	GlobalSection(SolutionConfigurationPlatforms) = preSolution
		Debug|Any CPU = Debug|Any CPU
		Release|Any CPU = Release|Any CPU
	EndGlobalSection
	GlobalSection(ProjectConfigurationPlatforms) = postSolution
		{5F4503B4-C895-4F7D-B02F-F020A7C485A8}.Debug|Any CPU.ActiveCfg = Debug|Any CPU
		{5F4503B4-C895-4F7D-B02F-F020A7C485A8}.Debug|Any CPU.Build.0 = Debug|Any CPU
		{5F4503B4-C895-4F7D-B02F-F020A7C485A8}.Release|Any CPU.ActiveCfg = Release|Any CPU
		{5F4503B4-C895-4F7D-B02F-F020A7C485A8}.Release|Any CPU.Build.0 = Release|Any CPU
	EndGlobalSection
	GlobalSection(SolutionProperties) = preSolution
		HideSolutionNode = FALSE
	EndGlobalSection
	GlobalSection(ExtensibilityGlobals) = postSolution
		SolutionGuid = {D85B3707-6FE7-4EC0-B883-3E4D7BB4F519}
	EndGlobalSection
EndGlobal
